
Microsoft Visual Studio Solution File, Format Version 12.00
Project("{FAE04EC0-301F-11D3-BF4B-00C04F79EFBC}") = "Web", "Web\Web.csproj", "{9B49D31C-D50A-44AC-9AAC-838BA0B6A60D}"
EndProject
Project("{FAE04EC0-301F-11D3-BF4B-00C04F79EFBC}") = "DataContext", "DataContext\DataContext.csproj", "{E4EBC149-35D2-4D64-9A14-2589AFA0C6E9}"
EndProject
Project("{FAE04EC0-301F-11D3-BF4B-00C04F79EFBC}") = "Core", "Core\Core.csproj", "{B34DB992-1E9D-480A-BC2E-68344AA6D135}"
EndProject
Global
	GlobalSection(SolutionConfigurationPlatforms) = preSolution
		Debug|Any CPU = Debug|Any CPU
		Release|Any CPU = Release|Any CPU
	EndGlobalSection
	GlobalSection(ProjectConfigurationPlatforms) = postSolution
		{9B49D31C-D50A-44AC-9AAC-838BA0B6A60D}.Debug|Any CPU.ActiveCfg = Debug|Any CPU
		{9B49D31C-D50A-44AC-9AAC-838BA0B6A60D}.Debug|Any CPU.Build.0 = Debug|Any CPU
		{9B49D31C-D50A-44AC-9AAC-838BA0B6A60D}.Release|Any CPU.ActiveCfg = Release|Any CPU
		{9B49D31C-D50A-44AC-9AAC-838BA0B6A60D}.Release|Any CPU.Build.0 = Release|Any CPU
		{E4EBC149-35D2-4D64-9A14-2589AFA0C6E9}.Debug|Any CPU.ActiveCfg = Debug|Any CPU
		{E4EBC149-35D2-4D64-9A14-2589AFA0C6E9}.Debug|Any CPU.Build.0 = Debug|Any CPU
		{E4EBC149-35D2-4D64-9A14-2589AFA0C6E9}.Release|Any CPU.ActiveCfg = Release|Any CPU
		{E4EBC149-35D2-4D64-9A14-2589AFA0C6E9}.Release|Any CPU.Build.0 = Release|Any CPU
		{B34DB992-1E9D-480A-BC2E-68344AA6D135}.Debug|Any CPU.ActiveCfg = Debug|Any CPU
		{B34DB992-1E9D-480A-BC2E-68344AA6D135}.Debug|Any CPU.Build.0 = Debug|Any CPU
		{B34DB992-1E9D-480A-BC2E-68344AA6D135}.Release|Any CPU.ActiveCfg = Release|Any CPU
		{B34DB992-1E9D-480A-BC2E-68344AA6D135}.Release|Any CPU.Build.0 = Release|Any CPU
	EndGlobalSection
EndGlobal
